
Microsoft Visual Studio Solution File, Format Version 12.00
Project("{FAE04EC0-301F-11D3-BF4B-00C04F79EFBC}") = "FlightTracker", "FlightTracker.csproj", "{D1C4635D-64B6-4FD8-AC55-06F7635632F7}"
EndProject
Global
	GlobalSection(SolutionConfigurationPlatforms) = preSolution
		Debug|Any CPU = Debug|Any CPU
		Release|Any CPU = Release|Any CPU
	EndGlobalSection
	GlobalSection(ProjectConfigurationPlatforms) = postSolution
		{D1C4635D-64B6-4FD8-AC55-06F7635632F7}.Debug|Any CPU.ActiveCfg = Debug|Any CPU
		{D1C4635D-64B6-4FD8-AC55-06F7635632F7}.Debug|Any CPU.Build.0 = Debug|Any CPU
		{D1C4635D-64B6-4FD8-AC55-06F7635632F7}.Release|Any CPU.ActiveCfg = Release|Any CPU
		{D1C4635D-64B6-4FD8-AC55-06F7635632F7}.Release|Any CPU.Build.0 = Release|Any CPU
	EndGlobalSection
EndGlobal
